
Microsoft Visual Studio Solution File, Format Version 12.00
# Visual Studio Version 16
VisualStudioVersion = 16.0.29123.88
MinimumVisualStudioVersion = 10.0.40219.1
Project("{FAE04EC0-301F-11D3-BF4B-00C04F79EFBC}") = "Classes", "Empty\Classes.csproj", "{2F4ACA9A-F978-4B57-B1C0-C5773639BABB}"
EndProject
Project("{FAE04EC0-301F-11D3-BF4B-00C04F79EFBC}") = "FamilyBudget", "FamilyBudget\FamilyBudget.csproj", "{C1F62CDF-4626-4946-86CA-211A90A4D363}"
EndProject
Project("{FAE04EC0-301F-11D3-BF4B-00C04F79EFBC}") = "Window Price Calculator", "Window Price Calculator\Window Price Calculator.csproj", "{66D654FB-EE25-437E-B190-08EDD1F14BBD}"
EndProject
Project("{FAE04EC0-301F-11D3-BF4B-00C04F79EFBC}") = "RepairCostCalculator", "RepairCostCalculator\RepairCostCalculator.csproj", "{07328E63-DDB5-49A4-9525-E4733C39B1DC}"
EndProject
Project("{2150E333-8FDC-42A3-9474-1A3956D46DE8}") = "Lessons", "Lessons", "{6ACAB786-9AB3-4CDC-BA12-6BA09ACD297A}"
EndProject
Project("{FAE04EC0-301F-11D3-BF4B-00C04F79EFBC}") = "Collections_List", "Collections\Collections_List.csproj", "{BCCE251B-4C20-45CE-8B52-EF98B7228E38}"
EndProject
Project("{FAE04EC0-301F-11D3-BF4B-00C04F79EFBC}") = "Collections_Hashset", "Collections_Dictionary\Collections_Hashset.csproj", "{0C335EF3-BEA9-49E1-A503-FDC601A808FD}"
EndProject
Project("{FAE04EC0-301F-11D3-BF4B-00C04F79EFBC}") = "Collections__Dictionary", "Collections__Dictionary\Collections__Dictionary.csproj", "{0D36FFA1-3C13-4AB9-A2B4-025C54BA9A2D}"
EndProject
Project("{FAE04EC0-301F-11D3-BF4B-00C04F79EFBC}") = "FileWriter", "FileWriter\FileWriter.csproj", "{EDDB022E-8DCA-4301-BF81-4F3ACE556BA3}"
EndProject
Project("{FAE04EC0-301F-11D3-BF4B-00C04F79EFBC}") = "Classes_2", "Classes_2\Classes_2.csproj", "{21C68BB2-6316-45DF-AD82-2E49A2A6A263}"
EndProject
Project("{FAE04EC0-301F-11D3-BF4B-00C04F79EFBC}") = "Static_Classes", "Static_Classes\Static_Classes.csproj", "{0B06BF58-9D97-4981-AC1D-812E0333750C}"
EndProject
Project("{FAE04EC0-301F-11D3-BF4B-00C04F79EFBC}") = "Stack", "Stack\Stack.csproj", "{2AE65944-AD9A-4C52-9774-37C691948829}"
EndProject
Project("{2150E333-8FDC-42A3-9474-1A3956D46DE8}") = "Dimon", "Dimon", "{51BCB3F2-9252-4E0B-8EAC-3C5091A1A6CA}"
EndProject
Project("{9A19103F-16F7-4668-BE54-9A1E7A4F7556}") = "Static_classes1", "Static_classes1\Static_classes1.csproj", "{739181AC-CCE8-4397-B623-151EF60BB4AC}"
EndProject
Project("{FAE04EC0-301F-11D3-BF4B-00C04F79EFBC}") = "Class_and_struct", "Class_and_struct\Class_and_struct.csproj", "{061563C0-88F0-41A8-BE3D-B3EE8704178E}"
EndProject
Project("{FAE04EC0-301F-11D3-BF4B-00C04F79EFBC}") = "Lessons", "Lessons\Lessons.csproj", "{DD924FC2-5B53-4702-BF98-C9748B028C90}"
EndProject
Project("{2150E333-8FDC-42A3-9474-1A3956D46DE8}") = "Ihor", "Ihor", "{595377A4-1A51-4ACA-A7A4-2C5E6144AC6A}"
EndProject
Project("{FAE04EC0-301F-11D3-BF4B-00C04F79EFBC}") = "Lesson", "Lesson\Lesson.csproj", "{F55EBE44-704C-4D71-8FE4-74A400E8F697}"
EndProject
Project("{FAE04EC0-301F-11D3-BF4B-00C04F79EFBC}") = "DateCalculator", "DateCalculator\DateCalculator.csproj", "{F5E7BFC1-667C-47C9-A1DE-A8E56176E304}"
EndProject
Project("{FAE04EC0-301F-11D3-BF4B-00C04F79EFBC}") = "DateTimeCalculator", "DateTime\DateTimeCalculator.csproj", "{D142AF05-074A-40E5-8CA1-71DDE391ED5C}"
EndProject
Project("{FAE04EC0-301F-11D3-BF4B-00C04F79EFBC}") = "ClassesInheritance", "ClassesInheritance\ClassesInheritance.csproj", "{EA58E12B-4EE8-4FAB-B4F9-321896DACE24}"
EndProject
Project("{FAE04EC0-301F-11D3-BF4B-00C04F79EFBC}") = "Interfaces", "Interfaces\Interfaces.csproj", "{36C26077-7595-4256-A591-88FD75E668CF}"
EndProject
Project("{FAE04EC0-301F-11D3-BF4B-00C04F79EFBC}") = "Recursion", "Recursion\Recursion.csproj", "{4798A1E7-1094-4DB6-A0FF-73FC7037AA30}"
EndProject
Project("{FAE04EC0-301F-11D3-BF4B-00C04F79EFBC}") = "ExtensionMethods", "ExtensionMethods\ExtensionMethods.csproj", "{E61C858D-FBAC-454E-B7FF-0C547A49EA3B}"
EndProject
Project("{FAE04EC0-301F-11D3-BF4B-00C04F79EFBC}") = "TypeCast", "TypeCast\TypeCast.csproj", "{09EA8F87-E0F4-406A-9220-73E2B95A8836}"
EndProject
Project("{FAE04EC0-301F-11D3-BF4B-00C04F79EFBC}") = "Exceptions", "Exceptions\Exceptions.csproj", "{877C3822-4BB2-4B53-949C-732A2C8FCDD8}"
EndProject
Project("{FAE04EC0-301F-11D3-BF4B-00C04F79EFBC}") = "Emumerable", "Emumerable\Emumerable.csproj", "{953AA729-3014-42C4-B7C5-E6125145023B}"
EndProject
Project("{FAE04EC0-301F-11D3-BF4B-00C04F79EFBC}") = "Events3", "Events3\Events3.csproj", "{03DF69F3-A3FE-41D9-9552-6150978E52A0}"
EndProject
Project("{2150E333-8FDC-42A3-9474-1A3956D46DE8}") = "DB", "DB", "{6A1999B9-28C5-43C1-85DB-8513EB160EC9}"
EndProject
Project("{FAE04EC0-301F-11D3-BF4B-00C04F79EFBC}") = "DBCore", "DBCore\DBCore.csproj", "{1073F753-2B48-4052-8211-7FB77EFE3C1E}"
EndProject
Project("{FAE04EC0-301F-11D3-BF4B-00C04F79EFBC}") = "UsersStorage", "UsersStorage\UsersStorage.csproj", "{A77E559E-6861-4137-AEDE-0DC8EEB19D8E}"
EndProject
Global
	GlobalSection(SolutionConfigurationPlatforms) = preSolution
		Debug|Any CPU = Debug|Any CPU
		Debug|x64 = Debug|x64
		Debug|x86 = Debug|x86
		Release|Any CPU = Release|Any CPU
		Release|x64 = Release|x64
		Release|x86 = Release|x86
	EndGlobalSection
	GlobalSection(ProjectConfigurationPlatforms) = postSolution
		{2F4ACA9A-F978-4B57-B1C0-C5773639BABB}.Debug|Any CPU.ActiveCfg = Debug|Any CPU
		{2F4ACA9A-F978-4B57-B1C0-C5773639BABB}.Debug|Any CPU.Build.0 = Debug|Any CPU
		{2F4ACA9A-F978-4B57-B1C0-C5773639BABB}.Debug|x64.ActiveCfg = Debug|Any CPU
		{2F4ACA9A-F978-4B57-B1C0-C5773639BABB}.Debug|x64.Build.0 = Debug|Any CPU
		{2F4ACA9A-F978-4B57-B1C0-C5773639BABB}.Debug|x86.ActiveCfg = Debug|Any CPU
		{2F4ACA9A-F978-4B57-B1C0-C5773639BABB}.Debug|x86.Build.0 = Debug|Any CPU
		{2F4ACA9A-F978-4B57-B1C0-C5773639BABB}.Release|Any CPU.ActiveCfg = Release|Any CPU
		{2F4ACA9A-F978-4B57-B1C0-C5773639BABB}.Release|Any CPU.Build.0 = Release|Any CPU
		{2F4ACA9A-F978-4B57-B1C0-C5773639BABB}.Release|x64.ActiveCfg = Release|Any CPU
		{2F4ACA9A-F978-4B57-B1C0-C5773639BABB}.Release|x64.Build.0 = Release|Any CPU
		{2F4ACA9A-F978-4B57-B1C0-C5773639BABB}.Release|x86.ActiveCfg = Release|Any CPU
		{2F4ACA9A-F978-4B57-B1C0-C5773639BABB}.Release|x86.Build.0 = Release|Any CPU
		{C1F62CDF-4626-4946-86CA-211A90A4D363}.Debug|Any CPU.ActiveCfg = Debug|Any CPU
		{C1F62CDF-4626-4946-86CA-211A90A4D363}.Debug|Any CPU.Build.0 = Debug|Any CPU
		{C1F62CDF-4626-4946-86CA-211A90A4D363}.Debug|x64.ActiveCfg = Debug|Any CPU
		{C1F62CDF-4626-4946-86CA-211A90A4D363}.Debug|x64.Build.0 = Debug|Any CPU
		{C1F62CDF-4626-4946-86CA-211A90A4D363}.Debug|x86.ActiveCfg = Debug|Any CPU
		{C1F62CDF-4626-4946-86CA-211A90A4D363}.Debug|x86.Build.0 = Debug|Any CPU
		{C1F62CDF-4626-4946-86CA-211A90A4D363}.Release|Any CPU.ActiveCfg = Release|Any CPU
		{C1F62CDF-4626-4946-86CA-211A90A4D363}.Release|Any CPU.Build.0 = Release|Any CPU
		{C1F62CDF-4626-4946-86CA-211A90A4D363}.Release|x64.ActiveCfg = Release|Any CPU
		{C1F62CDF-4626-4946-86CA-211A90A4D363}.Release|x64.Build.0 = Release|Any CPU
		{C1F62CDF-4626-4946-86CA-211A90A4D363}.Release|x86.ActiveCfg = Release|Any CPU
		{C1F62CDF-4626-4946-86CA-211A90A4D363}.Release|x86.Build.0 = Release|Any CPU
		{66D654FB-EE25-437E-B190-08EDD1F14BBD}.Debug|Any CPU.ActiveCfg = Debug|Any CPU
		{66D654FB-EE25-437E-B190-08EDD1F14BBD}.Debug|Any CPU.Build.0 = Debug|Any CPU
		{66D654FB-EE25-437E-B190-08EDD1F14BBD}.Debug|x64.ActiveCfg = Debug|Any CPU
		{66D654FB-EE25-437E-B190-08EDD1F14BBD}.Debug|x64.Build.0 = Debug|Any CPU
		{66D654FB-EE25-437E-B190-08EDD1F14BBD}.Debug|x86.ActiveCfg = Debug|Any CPU
		{66D654FB-EE25-437E-B190-08EDD1F14BBD}.Debug|x86.Build.0 = Debug|Any CPU
		{66D654FB-EE25-437E-B190-08EDD1F14BBD}.Release|Any CPU.ActiveCfg = Release|Any CPU
		{66D654FB-EE25-437E-B190-08EDD1F14BBD}.Release|Any CPU.Build.0 = Release|Any CPU
		{66D654FB-EE25-437E-B190-08EDD1F14BBD}.Release|x64.ActiveCfg = Release|Any CPU
		{66D654FB-EE25-437E-B190-08EDD1F14BBD}.Release|x64.Build.0 = Release|Any CPU
		{66D654FB-EE25-437E-B190-08EDD1F14BBD}.Release|x86.ActiveCfg = Release|Any CPU
		{66D654FB-EE25-437E-B190-08EDD1F14BBD}.Release|x86.Build.0 = Release|Any CPU
		{07328E63-DDB5-49A4-9525-E4733C39B1DC}.Debug|Any CPU.ActiveCfg = Debug|Any CPU
		{07328E63-DDB5-49A4-9525-E4733C39B1DC}.Debug|Any CPU.Build.0 = Debug|Any CPU
		{07328E63-DDB5-49A4-9525-E4733C39B1DC}.Debug|x64.ActiveCfg = Debug|Any CPU
		{07328E63-DDB5-49A4-9525-E4733C39B1DC}.Debug|x64.Build.0 = Debug|Any CPU
		{07328E63-DDB5-49A4-9525-E4733C39B1DC}.Debug|x86.ActiveCfg = Debug|Any CPU
		{07328E63-DDB5-49A4-9525-E4733C39B1DC}.Debug|x86.Build.0 = Debug|Any CPU
		{07328E63-DDB5-49A4-9525-E4733C39B1DC}.Release|Any CPU.ActiveCfg = Release|Any CPU
		{07328E63-DDB5-49A4-9525-E4733C39B1DC}.Release|Any CPU.Build.0 = Release|Any CPU
		{07328E63-DDB5-49A4-9525-E4733C39B1DC}.Release|x64.ActiveCfg = Release|Any CPU
		{07328E63-DDB5-49A4-9525-E4733C39B1DC}.Release|x64.Build.0 = Release|Any CPU
		{07328E63-DDB5-49A4-9525-E4733C39B1DC}.Release|x86.ActiveCfg = Release|Any CPU
		{07328E63-DDB5-49A4-9525-E4733C39B1DC}.Release|x86.Build.0 = Release|Any CPU
		{BCCE251B-4C20-45CE-8B52-EF98B7228E38}.Debug|Any CPU.ActiveCfg = Debug|Any CPU
		{BCCE251B-4C20-45CE-8B52-EF98B7228E38}.Debug|Any CPU.Build.0 = Debug|Any CPU
		{BCCE251B-4C20-45CE-8B52-EF98B7228E38}.Debug|x64.ActiveCfg = Debug|Any CPU
		{BCCE251B-4C20-45CE-8B52-EF98B7228E38}.Debug|x64.Build.0 = Debug|Any CPU
		{BCCE251B-4C20-45CE-8B52-EF98B7228E38}.Debug|x86.ActiveCfg = Debug|Any CPU
		{BCCE251B-4C20-45CE-8B52-EF98B7228E38}.Debug|x86.Build.0 = Debug|Any CPU
		{BCCE251B-4C20-45CE-8B52-EF98B7228E38}.Release|Any CPU.ActiveCfg = Release|Any CPU
		{BCCE251B-4C20-45CE-8B52-EF98B7228E38}.Release|Any CPU.Build.0 = Release|Any CPU
		{BCCE251B-4C20-45CE-8B52-EF98B7228E38}.Release|x64.ActiveCfg = Release|Any CPU
		{BCCE251B-4C20-45CE-8B52-EF98B7228E38}.Release|x64.Build.0 = Release|Any CPU
		{BCCE251B-4C20-45CE-8B52-EF98B7228E38}.Release|x86.ActiveCfg = Release|Any CPU
		{BCCE251B-4C20-45CE-8B52-EF98B7228E38}.Release|x86.Build.0 = Release|Any CPU
		{0C335EF3-BEA9-49E1-A503-FDC601A808FD}.Debug|Any CPU.ActiveCfg = Debug|Any CPU
		{0C335EF3-BEA9-49E1-A503-FDC601A808FD}.Debug|Any CPU.Build.0 = Debug|Any CPU
		{0C335EF3-BEA9-49E1-A503-FDC601A808FD}.Debug|x64.ActiveCfg = Debug|Any CPU
		{0C335EF3-BEA9-49E1-A503-FDC601A808FD}.Debug|x64.Build.0 = Debug|Any CPU
		{0C335EF3-BEA9-49E1-A503-FDC601A808FD}.Debug|x86.ActiveCfg = Debug|Any CPU
		{0C335EF3-BEA9-49E1-A503-FDC601A808FD}.Debug|x86.Build.0 = Debug|Any CPU
		{0C335EF3-BEA9-49E1-A503-FDC601A808FD}.Release|Any CPU.ActiveCfg = Release|Any CPU
		{0C335EF3-BEA9-49E1-A503-FDC601A808FD}.Release|Any CPU.Build.0 = Release|Any CPU
		{0C335EF3-BEA9-49E1-A503-FDC601A808FD}.Release|x64.ActiveCfg = Release|Any CPU
		{0C335EF3-BEA9-49E1-A503-FDC601A808FD}.Release|x64.Build.0 = Release|Any CPU
		{0C335EF3-BEA9-49E1-A503-FDC601A808FD}.Release|x86.ActiveCfg = Release|Any CPU
		{0C335EF3-BEA9-49E1-A503-FDC601A808FD}.Release|x86.Build.0 = Release|Any CPU
		{0D36FFA1-3C13-4AB9-A2B4-025C54BA9A2D}.Debug|Any CPU.ActiveCfg = Debug|Any CPU
		{0D36FFA1-3C13-4AB9-A2B4-025C54BA9A2D}.Debug|Any CPU.Build.0 = Debug|Any CPU
		{0D36FFA1-3C13-4AB9-A2B4-025C54BA9A2D}.Debug|x64.ActiveCfg = Debug|Any CPU
		{0D36FFA1-3C13-4AB9-A2B4-025C54BA9A2D}.Debug|x64.Build.0 = Debug|Any CPU
		{0D36FFA1-3C13-4AB9-A2B4-025C54BA9A2D}.Debug|x86.ActiveCfg = Debug|Any CPU
		{0D36FFA1-3C13-4AB9-A2B4-025C54BA9A2D}.Debug|x86.Build.0 = Debug|Any CPU
		{0D36FFA1-3C13-4AB9-A2B4-025C54BA9A2D}.Release|Any CPU.ActiveCfg = Release|Any CPU
		{0D36FFA1-3C13-4AB9-A2B4-025C54BA9A2D}.Release|Any CPU.Build.0 = Release|Any CPU
		{0D36FFA1-3C13-4AB9-A2B4-025C54BA9A2D}.Release|x64.ActiveCfg = Release|Any CPU
		{0D36FFA1-3C13-4AB9-A2B4-025C54BA9A2D}.Release|x64.Build.0 = Release|Any CPU
		{0D36FFA1-3C13-4AB9-A2B4-025C54BA9A2D}.Release|x86.ActiveCfg = Release|Any CPU
		{0D36FFA1-3C13-4AB9-A2B4-025C54BA9A2D}.Release|x86.Build.0 = Release|Any CPU
		{EDDB022E-8DCA-4301-BF81-4F3ACE556BA3}.Debug|Any CPU.ActiveCfg = Debug|Any CPU
		{EDDB022E-8DCA-4301-BF81-4F3ACE556BA3}.Debug|Any CPU.Build.0 = Debug|Any CPU
		{EDDB022E-8DCA-4301-BF81-4F3ACE556BA3}.Debug|x64.ActiveCfg = Debug|Any CPU
		{EDDB022E-8DCA-4301-BF81-4F3ACE556BA3}.Debug|x64.Build.0 = Debug|Any CPU
		{EDDB022E-8DCA-4301-BF81-4F3ACE556BA3}.Debug|x86.ActiveCfg = Debug|Any CPU
		{EDDB022E-8DCA-4301-BF81-4F3ACE556BA3}.Debug|x86.Build.0 = Debug|Any CPU
		{EDDB022E-8DCA-4301-BF81-4F3ACE556BA3}.Release|Any CPU.ActiveCfg = Release|Any CPU
		{EDDB022E-8DCA-4301-BF81-4F3ACE556BA3}.Release|Any CPU.Build.0 = Release|Any CPU
		{EDDB022E-8DCA-4301-BF81-4F3ACE556BA3}.Release|x64.ActiveCfg = Release|Any CPU
		{EDDB022E-8DCA-4301-BF81-4F3ACE556BA3}.Release|x64.Build.0 = Release|Any CPU
		{EDDB022E-8DCA-4301-BF81-4F3ACE556BA3}.Release|x86.ActiveCfg = Release|Any CPU
		{EDDB022E-8DCA-4301-BF81-4F3ACE556BA3}.Release|x86.Build.0 = Release|Any CPU
		{21C68BB2-6316-45DF-AD82-2E49A2A6A263}.Debug|Any CPU.ActiveCfg = Debug|Any CPU
		{21C68BB2-6316-45DF-AD82-2E49A2A6A263}.Debug|Any CPU.Build.0 = Debug|Any CPU
		{21C68BB2-6316-45DF-AD82-2E49A2A6A263}.Debug|x64.ActiveCfg = Debug|Any CPU
		{21C68BB2-6316-45DF-AD82-2E49A2A6A263}.Debug|x64.Build.0 = Debug|Any CPU
		{21C68BB2-6316-45DF-AD82-2E49A2A6A263}.Debug|x86.ActiveCfg = Debug|Any CPU
		{21C68BB2-6316-45DF-AD82-2E49A2A6A263}.Debug|x86.Build.0 = Debug|Any CPU
		{21C68BB2-6316-45DF-AD82-2E49A2A6A263}.Release|Any CPU.ActiveCfg = Release|Any CPU
		{21C68BB2-6316-45DF-AD82-2E49A2A6A263}.Release|Any CPU.Build.0 = Release|Any CPU
		{21C68BB2-6316-45DF-AD82-2E49A2A6A263}.Release|x64.ActiveCfg = Release|Any CPU
		{21C68BB2-6316-45DF-AD82-2E49A2A6A263}.Release|x64.Build.0 = Release|Any CPU
		{21C68BB2-6316-45DF-AD82-2E49A2A6A263}.Release|x86.ActiveCfg = Release|Any CPU
		{21C68BB2-6316-45DF-AD82-2E49A2A6A263}.Release|x86.Build.0 = Release|Any CPU
		{0B06BF58-9D97-4981-AC1D-812E0333750C}.Debug|Any CPU.ActiveCfg = Debug|Any CPU
		{0B06BF58-9D97-4981-AC1D-812E0333750C}.Debug|Any CPU.Build.0 = Debug|Any CPU
		{0B06BF58-9D97-4981-AC1D-812E0333750C}.Debug|x64.ActiveCfg = Debug|Any CPU
		{0B06BF58-9D97-4981-AC1D-812E0333750C}.Debug|x64.Build.0 = Debug|Any CPU
		{0B06BF58-9D97-4981-AC1D-812E0333750C}.Debug|x86.ActiveCfg = Debug|Any CPU
		{0B06BF58-9D97-4981-AC1D-812E0333750C}.Debug|x86.Build.0 = Debug|Any CPU
		{0B06BF58-9D97-4981-AC1D-812E0333750C}.Release|Any CPU.ActiveCfg = Release|Any CPU
		{0B06BF58-9D97-4981-AC1D-812E0333750C}.Release|Any CPU.Build.0 = Release|Any CPU
		{0B06BF58-9D97-4981-AC1D-812E0333750C}.Release|x64.ActiveCfg = Release|Any CPU
		{0B06BF58-9D97-4981-AC1D-812E0333750C}.Release|x64.Build.0 = Release|Any CPU
		{0B06BF58-9D97-4981-AC1D-812E0333750C}.Release|x86.ActiveCfg = Release|Any CPU
		{0B06BF58-9D97-4981-AC1D-812E0333750C}.Release|x86.Build.0 = Release|Any CPU
		{2AE65944-AD9A-4C52-9774-37C691948829}.Debug|Any CPU.ActiveCfg = Debug|Any CPU
		{2AE65944-AD9A-4C52-9774-37C691948829}.Debug|Any CPU.Build.0 = Debug|Any CPU
		{2AE65944-AD9A-4C52-9774-37C691948829}.Debug|x64.ActiveCfg = Debug|Any CPU
		{2AE65944-AD9A-4C52-9774-37C691948829}.Debug|x64.Build.0 = Debug|Any CPU
		{2AE65944-AD9A-4C52-9774-37C691948829}.Debug|x86.ActiveCfg = Debug|Any CPU
		{2AE65944-AD9A-4C52-9774-37C691948829}.Debug|x86.Build.0 = Debug|Any CPU
		{2AE65944-AD9A-4C52-9774-37C691948829}.Release|Any CPU.ActiveCfg = Release|Any CPU
		{2AE65944-AD9A-4C52-9774-37C691948829}.Release|Any CPU.Build.0 = Release|Any CPU
		{2AE65944-AD9A-4C52-9774-37C691948829}.Release|x64.ActiveCfg = Release|Any CPU
		{2AE65944-AD9A-4C52-9774-37C691948829}.Release|x64.Build.0 = Release|Any CPU
		{2AE65944-AD9A-4C52-9774-37C691948829}.Release|x86.ActiveCfg = Release|Any CPU
		{2AE65944-AD9A-4C52-9774-37C691948829}.Release|x86.Build.0 = Release|Any CPU
		{739181AC-CCE8-4397-B623-151EF60BB4AC}.Debug|Any CPU.ActiveCfg = Debug|Any CPU
		{739181AC-CCE8-4397-B623-151EF60BB4AC}.Debug|Any CPU.Build.0 = Debug|Any CPU
		{739181AC-CCE8-4397-B623-151EF60BB4AC}.Debug|x64.ActiveCfg = Debug|Any CPU
		{739181AC-CCE8-4397-B623-151EF60BB4AC}.Debug|x64.Build.0 = Debug|Any CPU
		{739181AC-CCE8-4397-B623-151EF60BB4AC}.Debug|x86.ActiveCfg = Debug|Any CPU
		{739181AC-CCE8-4397-B623-151EF60BB4AC}.Debug|x86.Build.0 = Debug|Any CPU
		{739181AC-CCE8-4397-B623-151EF60BB4AC}.Release|Any CPU.ActiveCfg = Release|Any CPU
		{739181AC-CCE8-4397-B623-151EF60BB4AC}.Release|Any CPU.Build.0 = Release|Any CPU
		{739181AC-CCE8-4397-B623-151EF60BB4AC}.Release|x64.ActiveCfg = Release|Any CPU
		{739181AC-CCE8-4397-B623-151EF60BB4AC}.Release|x64.Build.0 = Release|Any CPU
		{739181AC-CCE8-4397-B623-151EF60BB4AC}.Release|x86.ActiveCfg = Release|Any CPU
		{739181AC-CCE8-4397-B623-151EF60BB4AC}.Release|x86.Build.0 = Release|Any CPU
		{061563C0-88F0-41A8-BE3D-B3EE8704178E}.Debug|Any CPU.ActiveCfg = Debug|Any CPU
		{061563C0-88F0-41A8-BE3D-B3EE8704178E}.Debug|Any CPU.Build.0 = Debug|Any CPU
		{061563C0-88F0-41A8-BE3D-B3EE8704178E}.Debug|x64.ActiveCfg = Debug|Any CPU
		{061563C0-88F0-41A8-BE3D-B3EE8704178E}.Debug|x64.Build.0 = Debug|Any CPU
		{061563C0-88F0-41A8-BE3D-B3EE8704178E}.Debug|x86.ActiveCfg = Debug|Any CPU
		{061563C0-88F0-41A8-BE3D-B3EE8704178E}.Debug|x86.Build.0 = Debug|Any CPU
		{061563C0-88F0-41A8-BE3D-B3EE8704178E}.Release|Any CPU.ActiveCfg = Release|Any CPU
		{061563C0-88F0-41A8-BE3D-B3EE8704178E}.Release|Any CPU.Build.0 = Release|Any CPU
		{061563C0-88F0-41A8-BE3D-B3EE8704178E}.Release|x64.ActiveCfg = Release|Any CPU
		{061563C0-88F0-41A8-BE3D-B3EE8704178E}.Release|x64.Build.0 = Release|Any CPU
		{061563C0-88F0-41A8-BE3D-B3EE8704178E}.Release|x86.ActiveCfg = Release|Any CPU
		{061563C0-88F0-41A8-BE3D-B3EE8704178E}.Release|x86.Build.0 = Release|Any CPU
		{DD924FC2-5B53-4702-BF98-C9748B028C90}.Debug|Any CPU.ActiveCfg = Debug|Any CPU
		{DD924FC2-5B53-4702-BF98-C9748B028C90}.Debug|Any CPU.Build.0 = Debug|Any CPU
		{DD924FC2-5B53-4702-BF98-C9748B028C90}.Debug|x64.ActiveCfg = Debug|Any CPU
		{DD924FC2-5B53-4702-BF98-C9748B028C90}.Debug|x64.Build.0 = Debug|Any CPU
		{DD924FC2-5B53-4702-BF98-C9748B028C90}.Debug|x86.ActiveCfg = Debug|Any CPU
		{DD924FC2-5B53-4702-BF98-C9748B028C90}.Debug|x86.Build.0 = Debug|Any CPU
		{DD924FC2-5B53-4702-BF98-C9748B028C90}.Release|Any CPU.ActiveCfg = Release|Any CPU
		{DD924FC2-5B53-4702-BF98-C9748B028C90}.Release|Any CPU.Build.0 = Release|Any CPU
		{DD924FC2-5B53-4702-BF98-C9748B028C90}.Release|x64.ActiveCfg = Release|Any CPU
		{DD924FC2-5B53-4702-BF98-C9748B028C90}.Release|x64.Build.0 = Release|Any CPU
		{DD924FC2-5B53-4702-BF98-C9748B028C90}.Release|x86.ActiveCfg = Release|Any CPU
		{DD924FC2-5B53-4702-BF98-C9748B028C90}.Release|x86.Build.0 = Release|Any CPU
		{F55EBE44-704C-4D71-8FE4-74A400E8F697}.Debug|Any CPU.ActiveCfg = Debug|Any CPU
		{F55EBE44-704C-4D71-8FE4-74A400E8F697}.Debug|Any CPU.Build.0 = Debug|Any CPU
		{F55EBE44-704C-4D71-8FE4-74A400E8F697}.Debug|x64.ActiveCfg = Debug|Any CPU
		{F55EBE44-704C-4D71-8FE4-74A400E8F697}.Debug|x64.Build.0 = Debug|Any CPU
		{F55EBE44-704C-4D71-8FE4-74A400E8F697}.Debug|x86.ActiveCfg = Debug|Any CPU
		{F55EBE44-704C-4D71-8FE4-74A400E8F697}.Debug|x86.Build.0 = Debug|Any CPU
		{F55EBE44-704C-4D71-8FE4-74A400E8F697}.Release|Any CPU.ActiveCfg = Release|Any CPU
		{F55EBE44-704C-4D71-8FE4-74A400E8F697}.Release|Any CPU.Build.0 = Release|Any CPU
		{F55EBE44-704C-4D71-8FE4-74A400E8F697}.Release|x64.ActiveCfg = Release|Any CPU
		{F55EBE44-704C-4D71-8FE4-74A400E8F697}.Release|x64.Build.0 = Release|Any CPU
		{F55EBE44-704C-4D71-8FE4-74A400E8F697}.Release|x86.ActiveCfg = Release|Any CPU
		{F55EBE44-704C-4D71-8FE4-74A400E8F697}.Release|x86.Build.0 = Release|Any CPU
		{F5E7BFC1-667C-47C9-A1DE-A8E56176E304}.Debug|Any CPU.ActiveCfg = Debug|Any CPU
		{F5E7BFC1-667C-47C9-A1DE-A8E56176E304}.Debug|Any CPU.Build.0 = Debug|Any CPU
		{F5E7BFC1-667C-47C9-A1DE-A8E56176E304}.Debug|x64.ActiveCfg = Debug|Any CPU
		{F5E7BFC1-667C-47C9-A1DE-A8E56176E304}.Debug|x64.Build.0 = Debug|Any CPU
		{F5E7BFC1-667C-47C9-A1DE-A8E56176E304}.Debug|x86.ActiveCfg = Debug|Any CPU
		{F5E7BFC1-667C-47C9-A1DE-A8E56176E304}.Debug|x86.Build.0 = Debug|Any CPU
		{F5E7BFC1-667C-47C9-A1DE-A8E56176E304}.Release|Any CPU.ActiveCfg = Release|Any CPU
		{F5E7BFC1-667C-47C9-A1DE-A8E56176E304}.Release|Any CPU.Build.0 = Release|Any CPU
		{F5E7BFC1-667C-47C9-A1DE-A8E56176E304}.Release|x64.ActiveCfg = Release|Any CPU
		{F5E7BFC1-667C-47C9-A1DE-A8E56176E304}.Release|x64.Build.0 = Release|Any CPU
		{F5E7BFC1-667C-47C9-A1DE-A8E56176E304}.Release|x86.ActiveCfg = Release|Any CPU
		{F5E7BFC1-667C-47C9-A1DE-A8E56176E304}.Release|x86.Build.0 = Release|Any CPU
		{D142AF05-074A-40E5-8CA1-71DDE391ED5C}.Debug|Any CPU.ActiveCfg = Debug|Any CPU
		{D142AF05-074A-40E5-8CA1-71DDE391ED5C}.Debug|Any CPU.Build.0 = Debug|Any CPU
		{D142AF05-074A-40E5-8CA1-71DDE391ED5C}.Debug|x64.ActiveCfg = Debug|Any CPU
		{D142AF05-074A-40E5-8CA1-71DDE391ED5C}.Debug|x64.Build.0 = Debug|Any CPU
		{D142AF05-074A-40E5-8CA1-71DDE391ED5C}.Debug|x86.ActiveCfg = Debug|Any CPU
		{D142AF05-074A-40E5-8CA1-71DDE391ED5C}.Debug|x86.Build.0 = Debug|Any CPU
		{D142AF05-074A-40E5-8CA1-71DDE391ED5C}.Release|Any CPU.ActiveCfg = Release|Any CPU
		{D142AF05-074A-40E5-8CA1-71DDE391ED5C}.Release|Any CPU.Build.0 = Release|Any CPU
		{D142AF05-074A-40E5-8CA1-71DDE391ED5C}.Release|x64.ActiveCfg = Release|Any CPU
		{D142AF05-074A-40E5-8CA1-71DDE391ED5C}.Release|x64.Build.0 = Release|Any CPU
		{D142AF05-074A-40E5-8CA1-71DDE391ED5C}.Release|x86.ActiveCfg = Release|Any CPU
		{D142AF05-074A-40E5-8CA1-71DDE391ED5C}.Release|x86.Build.0 = Release|Any CPU
		{EA58E12B-4EE8-4FAB-B4F9-321896DACE24}.Debug|Any CPU.ActiveCfg = Debug|Any CPU
		{EA58E12B-4EE8-4FAB-B4F9-321896DACE24}.Debug|Any CPU.Build.0 = Debug|Any CPU
		{EA58E12B-4EE8-4FAB-B4F9-321896DACE24}.Debug|x64.ActiveCfg = Debug|Any CPU
		{EA58E12B-4EE8-4FAB-B4F9-321896DACE24}.Debug|x64.Build.0 = Debug|Any CPU
		{EA58E12B-4EE8-4FAB-B4F9-321896DACE24}.Debug|x86.ActiveCfg = Debug|Any CPU
		{EA58E12B-4EE8-4FAB-B4F9-321896DACE24}.Debug|x86.Build.0 = Debug|Any CPU
		{EA58E12B-4EE8-4FAB-B4F9-321896DACE24}.Release|Any CPU.ActiveCfg = Release|Any CPU
		{EA58E12B-4EE8-4FAB-B4F9-321896DACE24}.Release|Any CPU.Build.0 = Release|Any CPU
		{EA58E12B-4EE8-4FAB-B4F9-321896DACE24}.Release|x64.ActiveCfg = Release|Any CPU
		{EA58E12B-4EE8-4FAB-B4F9-321896DACE24}.Release|x64.Build.0 = Release|Any CPU
		{EA58E12B-4EE8-4FAB-B4F9-321896DACE24}.Release|x86.ActiveCfg = Release|Any CPU
		{EA58E12B-4EE8-4FAB-B4F9-321896DACE24}.Release|x86.Build.0 = Release|Any CPU
		{36C26077-7595-4256-A591-88FD75E668CF}.Debug|Any CPU.ActiveCfg = Debug|Any CPU
		{36C26077-7595-4256-A591-88FD75E668CF}.Debug|Any CPU.Build.0 = Debug|Any CPU
		{36C26077-7595-4256-A591-88FD75E668CF}.Debug|x64.ActiveCfg = Debug|Any CPU
		{36C26077-7595-4256-A591-88FD75E668CF}.Debug|x64.Build.0 = Debug|Any CPU
		{36C26077-7595-4256-A591-88FD75E668CF}.Debug|x86.ActiveCfg = Debug|Any CPU
		{36C26077-7595-4256-A591-88FD75E668CF}.Debug|x86.Build.0 = Debug|Any CPU
		{36C26077-7595-4256-A591-88FD75E668CF}.Release|Any CPU.ActiveCfg = Release|Any CPU
		{36C26077-7595-4256-A591-88FD75E668CF}.Release|Any CPU.Build.0 = Release|Any CPU
		{36C26077-7595-4256-A591-88FD75E668CF}.Release|x64.ActiveCfg = Release|Any CPU
		{36C26077-7595-4256-A591-88FD75E668CF}.Release|x64.Build.0 = Release|Any CPU
		{36C26077-7595-4256-A591-88FD75E668CF}.Release|x86.ActiveCfg = Release|Any CPU
		{36C26077-7595-4256-A591-88FD75E668CF}.Release|x86.Build.0 = Release|Any CPU
		{4798A1E7-1094-4DB6-A0FF-73FC7037AA30}.Debug|Any CPU.ActiveCfg = Debug|Any CPU
		{4798A1E7-1094-4DB6-A0FF-73FC7037AA30}.Debug|Any CPU.Build.0 = Debug|Any CPU
		{4798A1E7-1094-4DB6-A0FF-73FC7037AA30}.Debug|x64.ActiveCfg = Debug|Any CPU
		{4798A1E7-1094-4DB6-A0FF-73FC7037AA30}.Debug|x64.Build.0 = Debug|Any CPU
		{4798A1E7-1094-4DB6-A0FF-73FC7037AA30}.Debug|x86.ActiveCfg = Debug|Any CPU
		{4798A1E7-1094-4DB6-A0FF-73FC7037AA30}.Debug|x86.Build.0 = Debug|Any CPU
		{4798A1E7-1094-4DB6-A0FF-73FC7037AA30}.Release|Any CPU.ActiveCfg = Release|Any CPU
		{4798A1E7-1094-4DB6-A0FF-73FC7037AA30}.Release|Any CPU.Build.0 = Release|Any CPU
		{4798A1E7-1094-4DB6-A0FF-73FC7037AA30}.Release|x64.ActiveCfg = Release|Any CPU
		{4798A1E7-1094-4DB6-A0FF-73FC7037AA30}.Release|x64.Build.0 = Release|Any CPU
		{4798A1E7-1094-4DB6-A0FF-73FC7037AA30}.Release|x86.ActiveCfg = Release|Any CPU
		{4798A1E7-1094-4DB6-A0FF-73FC7037AA30}.Release|x86.Build.0 = Release|Any CPU
		{E61C858D-FBAC-454E-B7FF-0C547A49EA3B}.Debug|Any CPU.ActiveCfg = Debug|Any CPU
		{E61C858D-FBAC-454E-B7FF-0C547A49EA3B}.Debug|Any CPU.Build.0 = Debug|Any CPU
		{E61C858D-FBAC-454E-B7FF-0C547A49EA3B}.Debug|x64.ActiveCfg = Debug|Any CPU
		{E61C858D-FBAC-454E-B7FF-0C547A49EA3B}.Debug|x64.Build.0 = Debug|Any CPU
		{E61C858D-FBAC-454E-B7FF-0C547A49EA3B}.Debug|x86.ActiveCfg = Debug|Any CPU
		{E61C858D-FBAC-454E-B7FF-0C547A49EA3B}.Debug|x86.Build.0 = Debug|Any CPU
		{E61C858D-FBAC-454E-B7FF-0C547A49EA3B}.Release|Any CPU.ActiveCfg = Release|Any CPU
		{E61C858D-FBAC-454E-B7FF-0C547A49EA3B}.Release|Any CPU.Build.0 = Release|Any CPU
		{E61C858D-FBAC-454E-B7FF-0C547A49EA3B}.Release|x64.ActiveCfg = Release|Any CPU
		{E61C858D-FBAC-454E-B7FF-0C547A49EA3B}.Release|x64.Build.0 = Release|Any CPU
		{E61C858D-FBAC-454E-B7FF-0C547A49EA3B}.Release|x86.ActiveCfg = Release|Any CPU
		{E61C858D-FBAC-454E-B7FF-0C547A49EA3B}.Release|x86.Build.0 = Release|Any CPU
		{09EA8F87-E0F4-406A-9220-73E2B95A8836}.Debug|Any CPU.ActiveCfg = Debug|Any CPU
		{09EA8F87-E0F4-406A-9220-73E2B95A8836}.Debug|Any CPU.Build.0 = Debug|Any CPU
		{09EA8F87-E0F4-406A-9220-73E2B95A8836}.Debug|x64.ActiveCfg = Debug|Any CPU
		{09EA8F87-E0F4-406A-9220-73E2B95A8836}.Debug|x64.Build.0 = Debug|Any CPU
		{09EA8F87-E0F4-406A-9220-73E2B95A8836}.Debug|x86.ActiveCfg = Debug|Any CPU
		{09EA8F87-E0F4-406A-9220-73E2B95A8836}.Debug|x86.Build.0 = Debug|Any CPU
		{09EA8F87-E0F4-406A-9220-73E2B95A8836}.Release|Any CPU.ActiveCfg = Release|Any CPU
		{09EA8F87-E0F4-406A-9220-73E2B95A8836}.Release|Any CPU.Build.0 = Release|Any CPU
		{09EA8F87-E0F4-406A-9220-73E2B95A8836}.Release|x64.ActiveCfg = Release|Any CPU
		{09EA8F87-E0F4-406A-9220-73E2B95A8836}.Release|x64.Build.0 = Release|Any CPU
		{09EA8F87-E0F4-406A-9220-73E2B95A8836}.Release|x86.ActiveCfg = Release|Any CPU
		{09EA8F87-E0F4-406A-9220-73E2B95A8836}.Release|x86.Build.0 = Release|Any CPU
		{877C3822-4BB2-4B53-949C-732A2C8FCDD8}.Debug|Any CPU.ActiveCfg = Debug|Any CPU
		{877C3822-4BB2-4B53-949C-732A2C8FCDD8}.Debug|Any CPU.Build.0 = Debug|Any CPU
		{877C3822-4BB2-4B53-949C-732A2C8FCDD8}.Debug|x64.ActiveCfg = Debug|Any CPU
		{877C3822-4BB2-4B53-949C-732A2C8FCDD8}.Debug|x64.Build.0 = Debug|Any CPU
		{877C3822-4BB2-4B53-949C-732A2C8FCDD8}.Debug|x86.ActiveCfg = Debug|Any CPU
		{877C3822-4BB2-4B53-949C-732A2C8FCDD8}.Debug|x86.Build.0 = Debug|Any CPU
		{877C3822-4BB2-4B53-949C-732A2C8FCDD8}.Release|Any CPU.ActiveCfg = Release|Any CPU
		{877C3822-4BB2-4B53-949C-732A2C8FCDD8}.Release|Any CPU.Build.0 = Release|Any CPU
		{877C3822-4BB2-4B53-949C-732A2C8FCDD8}.Release|x64.ActiveCfg = Release|Any CPU
		{877C3822-4BB2-4B53-949C-732A2C8FCDD8}.Release|x64.Build.0 = Release|Any CPU
		{877C3822-4BB2-4B53-949C-732A2C8FCDD8}.Release|x86.ActiveCfg = Release|Any CPU
		{877C3822-4BB2-4B53-949C-732A2C8FCDD8}.Release|x86.Build.0 = Release|Any CPU
		{953AA729-3014-42C4-B7C5-E6125145023B}.Debug|Any CPU.ActiveCfg = Debug|Any CPU
		{953AA729-3014-42C4-B7C5-E6125145023B}.Debug|Any CPU.Build.0 = Debug|Any CPU
		{953AA729-3014-42C4-B7C5-E6125145023B}.Debug|x64.ActiveCfg = Debug|Any CPU
		{953AA729-3014-42C4-B7C5-E6125145023B}.Debug|x64.Build.0 = Debug|Any CPU
		{953AA729-3014-42C4-B7C5-E6125145023B}.Debug|x86.ActiveCfg = Debug|Any CPU
		{953AA729-3014-42C4-B7C5-E6125145023B}.Debug|x86.Build.0 = Debug|Any CPU
		{953AA729-3014-42C4-B7C5-E6125145023B}.Release|Any CPU.ActiveCfg = Release|Any CPU
		{953AA729-3014-42C4-B7C5-E6125145023B}.Release|Any CPU.Build.0 = Release|Any CPU
		{953AA729-3014-42C4-B7C5-E6125145023B}.Release|x64.ActiveCfg = Release|Any CPU
		{953AA729-3014-42C4-B7C5-E6125145023B}.Release|x64.Build.0 = Release|Any CPU
		{953AA729-3014-42C4-B7C5-E6125145023B}.Release|x86.ActiveCfg = Release|Any CPU
		{953AA729-3014-42C4-B7C5-E6125145023B}.Release|x86.Build.0 = Release|Any CPU
		{03DF69F3-A3FE-41D9-9552-6150978E52A0}.Debug|Any CPU.ActiveCfg = Debug|Any CPU
		{03DF69F3-A3FE-41D9-9552-6150978E52A0}.Debug|Any CPU.Build.0 = Debug|Any CPU
		{03DF69F3-A3FE-41D9-9552-6150978E52A0}.Debug|x64.ActiveCfg = Debug|Any CPU
		{03DF69F3-A3FE-41D9-9552-6150978E52A0}.Debug|x64.Build.0 = Debug|Any CPU
		{03DF69F3-A3FE-41D9-9552-6150978E52A0}.Debug|x86.ActiveCfg = Debug|Any CPU
		{03DF69F3-A3FE-41D9-9552-6150978E52A0}.Debug|x86.Build.0 = Debug|Any CPU
		{03DF69F3-A3FE-41D9-9552-6150978E52A0}.Release|Any CPU.ActiveCfg = Release|Any CPU
		{03DF69F3-A3FE-41D9-9552-6150978E52A0}.Release|Any CPU.Build.0 = Release|Any CPU
		{03DF69F3-A3FE-41D9-9552-6150978E52A0}.Release|x64.ActiveCfg = Release|Any CPU
		{03DF69F3-A3FE-41D9-9552-6150978E52A0}.Release|x64.Build.0 = Release|Any CPU
		{03DF69F3-A3FE-41D9-9552-6150978E52A0}.Release|x86.ActiveCfg = Release|Any CPU
		{03DF69F3-A3FE-41D9-9552-6150978E52A0}.Release|x86.Build.0 = Release|Any CPU
		{1073F753-2B48-4052-8211-7FB77EFE3C1E}.Debug|Any CPU.ActiveCfg = Debug|Any CPU
		{1073F753-2B48-4052-8211-7FB77EFE3C1E}.Debug|Any CPU.Build.0 = Debug|Any CPU
		{1073F753-2B48-4052-8211-7FB77EFE3C1E}.Debug|x64.ActiveCfg = Debug|Any CPU
		{1073F753-2B48-4052-8211-7FB77EFE3C1E}.Debug|x64.Build.0 = Debug|Any CPU
		{1073F753-2B48-4052-8211-7FB77EFE3C1E}.Debug|x86.ActiveCfg = Debug|Any CPU
		{1073F753-2B48-4052-8211-7FB77EFE3C1E}.Debug|x86.Build.0 = Debug|Any CPU
		{1073F753-2B48-4052-8211-7FB77EFE3C1E}.Release|Any CPU.ActiveCfg = Release|Any CPU
		{1073F753-2B48-4052-8211-7FB77EFE3C1E}.Release|Any CPU.Build.0 = Release|Any CPU
		{1073F753-2B48-4052-8211-7FB77EFE3C1E}.Release|x64.ActiveCfg = Release|Any CPU
		{1073F753-2B48-4052-8211-7FB77EFE3C1E}.Release|x64.Build.0 = Release|Any CPU
		{1073F753-2B48-4052-8211-7FB77EFE3C1E}.Release|x86.ActiveCfg = Release|Any CPU
		{1073F753-2B48-4052-8211-7FB77EFE3C1E}.Release|x86.Build.0 = Release|Any CPU
		{A77E559E-6861-4137-AEDE-0DC8EEB19D8E}.Debug|Any CPU.ActiveCfg = Debug|Any CPU
		{A77E559E-6861-4137-AEDE-0DC8EEB19D8E}.Debug|Any CPU.Build.0 = Debug|Any CPU
		{A77E559E-6861-4137-AEDE-0DC8EEB19D8E}.Debug|x64.ActiveCfg = Debug|Any CPU
		{A77E559E-6861-4137-AEDE-0DC8EEB19D8E}.Debug|x64.Build.0 = Debug|Any CPU
		{A77E559E-6861-4137-AEDE-0DC8EEB19D8E}.Debug|x86.ActiveCfg = Debug|Any CPU
		{A77E559E-6861-4137-AEDE-0DC8EEB19D8E}.Debug|x86.Build.0 = Debug|Any CPU
		{A77E559E-6861-4137-AEDE-0DC8EEB19D8E}.Release|Any CPU.ActiveCfg = Release|Any CPU
		{A77E559E-6861-4137-AEDE-0DC8EEB19D8E}.Release|Any CPU.Build.0 = Release|Any CPU
		{A77E559E-6861-4137-AEDE-0DC8EEB19D8E}.Release|x64.ActiveCfg = Release|Any CPU
		{A77E559E-6861-4137-AEDE-0DC8EEB19D8E}.Release|x64.Build.0 = Release|Any CPU
		{A77E559E-6861-4137-AEDE-0DC8EEB19D8E}.Release|x86.ActiveCfg = Release|Any CPU
		{A77E559E-6861-4137-AEDE-0DC8EEB19D8E}.Release|x86.Build.0 = Release|Any CPU
	EndGlobalSection
	GlobalSection(SolutionProperties) = preSolution
		HideSolutionNode = FALSE
	EndGlobalSection
	GlobalSection(NestedProjects) = preSolution
		{2F4ACA9A-F978-4B57-B1C0-C5773639BABB} = {6ACAB786-9AB3-4CDC-BA12-6BA09ACD297A}
		{BCCE251B-4C20-45CE-8B52-EF98B7228E38} = {6ACAB786-9AB3-4CDC-BA12-6BA09ACD297A}
		{0C335EF3-BEA9-49E1-A503-FDC601A808FD} = {6ACAB786-9AB3-4CDC-BA12-6BA09ACD297A}
		{0D36FFA1-3C13-4AB9-A2B4-025C54BA9A2D} = {6ACAB786-9AB3-4CDC-BA12-6BA09ACD297A}
		{EDDB022E-8DCA-4301-BF81-4F3ACE556BA3} = {6ACAB786-9AB3-4CDC-BA12-6BA09ACD297A}
		{21C68BB2-6316-45DF-AD82-2E49A2A6A263} = {6ACAB786-9AB3-4CDC-BA12-6BA09ACD297A}
		{0B06BF58-9D97-4981-AC1D-812E0333750C} = {6ACAB786-9AB3-4CDC-BA12-6BA09ACD297A}
		{2AE65944-AD9A-4C52-9774-37C691948829} = {6ACAB786-9AB3-4CDC-BA12-6BA09ACD297A}
		{739181AC-CCE8-4397-B623-151EF60BB4AC} = {51BCB3F2-9252-4E0B-8EAC-3C5091A1A6CA}
		{061563C0-88F0-41A8-BE3D-B3EE8704178E} = {51BCB3F2-9252-4E0B-8EAC-3C5091A1A6CA}
		{DD924FC2-5B53-4702-BF98-C9748B028C90} = {51BCB3F2-9252-4E0B-8EAC-3C5091A1A6CA}
		{F55EBE44-704C-4D71-8FE4-74A400E8F697} = {595377A4-1A51-4ACA-A7A4-2C5E6144AC6A}
		{F5E7BFC1-667C-47C9-A1DE-A8E56176E304} = {6ACAB786-9AB3-4CDC-BA12-6BA09ACD297A}
		{D142AF05-074A-40E5-8CA1-71DDE391ED5C} = {6ACAB786-9AB3-4CDC-BA12-6BA09ACD297A}
		{EA58E12B-4EE8-4FAB-B4F9-321896DACE24} = {6ACAB786-9AB3-4CDC-BA12-6BA09ACD297A}
		{36C26077-7595-4256-A591-88FD75E668CF} = {6ACAB786-9AB3-4CDC-BA12-6BA09ACD297A}
		{4798A1E7-1094-4DB6-A0FF-73FC7037AA30} = {6ACAB786-9AB3-4CDC-BA12-6BA09ACD297A}
		{E61C858D-FBAC-454E-B7FF-0C547A49EA3B} = {6ACAB786-9AB3-4CDC-BA12-6BA09ACD297A}
		{09EA8F87-E0F4-406A-9220-73E2B95A8836} = {6ACAB786-9AB3-4CDC-BA12-6BA09ACD297A}
		{877C3822-4BB2-4B53-949C-732A2C8FCDD8} = {6ACAB786-9AB3-4CDC-BA12-6BA09ACD297A}
		{953AA729-3014-42C4-B7C5-E6125145023B} = {6ACAB786-9AB3-4CDC-BA12-6BA09ACD297A}
		{03DF69F3-A3FE-41D9-9552-6150978E52A0} = {6ACAB786-9AB3-4CDC-BA12-6BA09ACD297A}
		{6A1999B9-28C5-43C1-85DB-8513EB160EC9} = {6ACAB786-9AB3-4CDC-BA12-6BA09ACD297A}
		{1073F753-2B48-4052-8211-7FB77EFE3C1E} = {6A1999B9-28C5-43C1-85DB-8513EB160EC9}
		{A77E559E-6861-4137-AEDE-0DC8EEB19D8E} = {6A1999B9-28C5-43C1-85DB-8513EB160EC9}
	EndGlobalSection
	GlobalSection(ExtensibilityGlobals) = postSolution
		SolutionGuid = {F12FEDF4-7DA7-41C4-A79C-62F9132E0805}
	EndGlobalSection
EndGlobal
